// !$*UTF8*$!
{
	archiveVersion = 1;
	classes = {
	};
	objectVersion = 50;
	objects = {

/* Begin PBXBuildFile section */
		BE2785FA246B9F3C00FB9B6E /* NetworkManager.swift in Sources */ = {isa = PBXBuildFile; fileRef = BE2785F9246B9F3C00FB9B6E /* NetworkManager.swift */; };
		BE2785FC246BA48400FB9B6E /* Posts.swift in Sources */ = {isa = PBXBuildFile; fileRef = BE2785FB246BA48400FB9B6E /* Posts.swift */; };
		BE2785FF246BAA5B00FB9B6E /* PostView.swift in Sources */ = {isa = PBXBuildFile; fileRef = BE2785FE246BAA5B00FB9B6E /* PostView.swift */; };
		BE388A47246B83BE006942EC /* AppDelegate.swift in Sources */ = {isa = PBXBuildFile; fileRef = BE388A46246B83BE006942EC /* AppDelegate.swift */; };
		BE388A49246B83BE006942EC /* SceneDelegate.swift in Sources */ = {isa = PBXBuildFile; fileRef = BE388A48246B83BE006942EC /* SceneDelegate.swift */; };
		BE388A4B246B83BE006942EC /* ContentView.swift in Sources */ = {isa = PBXBuildFile; fileRef = BE388A4A246B83BE006942EC /* ContentView.swift */; };
		BE388A4D246B83BF006942EC /* Assets.xcassets in Resources */ = {isa = PBXBuildFile; fileRef = BE388A4C246B83BF006942EC /* Assets.xcassets */; };
		BE388A50246B83BF006942EC /* Preview Assets.xcassets in Resources */ = {isa = PBXBuildFile; fileRef = BE388A4F246B83BF006942EC /* Preview Assets.xcassets */; };
		BE388A53246B83BF006942EC /* LaunchScreen.storyboard in Resources */ = {isa = PBXBuildFile; fileRef = BE388A51246B83BF006942EC /* LaunchScreen.storyboard */; };
		BEDDB335246BAD82002ED50E /* WebView.swift in Sources */ = {isa = PBXBuildFile; fileRef = BEDDB334246BAD82002ED50E /* WebView.swift */; };
/* End PBXBuildFile section */

/* Begin PBXFileReference section */
		BE2785F9246B9F3C00FB9B6E /* NetworkManager.swift */ = {isa = PBXFileReference; lastKnownFileType = sourcecode.swift; path = NetworkManager.swift; sourceTree = "<group>"; };
		BE2785FB246BA48400FB9B6E /* Posts.swift */ = {isa = PBXFileReference; lastKnownFileType = sourcecode.swift; path = Posts.swift; sourceTree = "<group>"; };
		BE2785FE246BAA5B00FB9B6E /* PostView.swift */ = {isa = PBXFileReference; lastKnownFileType = sourcecode.swift; path = PostView.swift; sourceTree = "<group>"; };
		BE388A43246B83BE006942EC /* CyberNewsSwiftUI.app */ = {isa = PBXFileReference; explicitFileType = wrapper.application; includeInIndex = 0; path = CyberNewsSwiftUI.app; sourceTree = BUILT_PRODUCTS_DIR; };
		BE388A46246B83BE006942EC /* AppDelegate.swift */ = {isa = PBXFileReference; lastKnownFileType = sourcecode.swift; path = AppDelegate.swift; sourceTree = "<group>"; };
		BE388A48246B83BE006942EC /* SceneDelegate.swift */ = {isa = PBXFileReference; lastKnownFileType = sourcecode.swift; path = SceneDelegate.swift; sourceTree = "<group>"; };
		BE388A4A246B83BE006942EC /* ContentView.swift */ = {isa = PBXFileReference; lastKnownFileType = sourcecode.swift; path = ContentView.swift; sourceTree = "<group>"; };
		BE388A4C246B83BF006942EC /* Assets.xcassets */ = {isa = PBXFileReference; lastKnownFileType = folder.assetcatalog; path = Assets.xcassets; sourceTree = "<group>"; };
		BE388A4F246B83BF006942EC /* Preview Assets.xcassets */ = {isa = PBXFileReference; lastKnownFileType = folder.assetcatalog; path = "Preview Assets.xcassets"; sourceTree = "<group>"; };
		BE388A52246B83BF006942EC /* Base */ = {isa = PBXFileReference; lastKnownFileType = file.storyboard; name = Base; path = Base.lproj/LaunchScreen.storyboard; sourceTree = "<group>"; };
		BE388A54246B83BF006942EC /* Info.plist */ = {isa = PBXFileReference; lastKnownFileType = text.plist.xml; path = Info.plist; sourceTree = "<group>"; };
		BEDDB334246BAD82002ED50E /* WebView.swift */ = {isa = PBXFileReference; lastKnownFileType = sourcecode.swift; path = WebView.swift; sourceTree = "<group>"; };
		BEDDB336246BB1EC002ED50E /* CyberNewsSwiftUI.entitlements */ = {isa = PBXFileReference; lastKnownFileType = text.plist.entitlements; path = CyberNewsSwiftUI.entitlements; sourceTree = "<group>"; };
/* End PBXFileReference section */

/* Begin PBXFrameworksBuildPhase section */
		BE388A40246B83BE006942EC /* Frameworks */ = {
			isa = PBXFrameworksBuildPhase;
			buildActionMask = 2147483647;
			files = (
			);
			runOnlyForDeploymentPostprocessing = 0;
		};
/* End PBXFrameworksBuildPhase section */

/* Begin PBXGroup section */
		BE2785F8246B9F2B00FB9B6E /* Models */ = {
			isa = PBXGroup;
			children = (
				BE2785F9246B9F3C00FB9B6E /* NetworkManager.swift */,
				BE2785FB246BA48400FB9B6E /* Posts.swift */,
			);
			path = Models;
			sourceTree = "<group>";
		};
		BE2785FD246BAA3200FB9B6E /* Views */ = {
			isa = PBXGroup;
			children = (
				BE388A4A246B83BE006942EC /* ContentView.swift */,
				BE2785FE246BAA5B00FB9B6E /* PostView.swift */,
				BEDDB334246BAD82002ED50E /* WebView.swift */,
			);
			path = Views;
			sourceTree = "<group>";
		};
		BE388A3A246B83BE006942EC = {
			isa = PBXGroup;
			children = (
				BE388A45246B83BE006942EC /* CyberNewsSwiftUI */,
				BE388A44246B83BE006942EC /* Products */,
			);
			sourceTree = "<group>";
		};
		BE388A44246B83BE006942EC /* Products */ = {
			isa = PBXGroup;
			children = (
				BE388A43246B83BE006942EC /* CyberNewsSwiftUI.app */,
			);
			name = Products;
			sourceTree = "<group>";
		};
		BE388A45246B83BE006942EC /* CyberNewsSwiftUI */ = {
			isa = PBXGroup;
			children = (
				BEDDB336246BB1EC002ED50E /* CyberNewsSwiftUI.entitlements */,
				BE388A46246B83BE006942EC /* AppDelegate.swift */,
				BE388A48246B83BE006942EC /* SceneDelegate.swift */,
				BE2785F8246B9F2B00FB9B6E /* Models */,
				BE2785FD246BAA3200FB9B6E /* Views */,
				BE388A4C246B83BF006942EC /* Assets.xcassets */,
				BE388A51246B83BF006942EC /* LaunchScreen.storyboard */,
				BE388A54246B83BF006942EC /* Info.plist */,
				BE388A4E246B83BF006942EC /* Preview Content */,
			);
			path = CyberNewsSwiftUI;
			sourceTree = "<group>";
		};
		BE388A4E246B83BF006942EC /* Preview Content */ = {
			isa = PBXGroup;
			children = (
				BE388A4F246B83BF006942EC /* Preview Assets.xcassets */,
			);
			path = "Preview Content";
			sourceTree = "<group>";
		};
/* End PBXGroup section */

/* Begin PBXNativeTarget section */
		BE388A42246B83BE006942EC /* CyberNewsSwiftUI */ = {
			isa = PBXNativeTarget;
			buildConfigurationList = BE388A57246B83BF006942EC /* Build configuration list for PBXNativeTarget "CyberNewsSwiftUI" */;
			buildPhases = (
				BE388A3F246B83BE006942EC /* Sources */,
				BE388A40246B83BE006942EC /* Frameworks */,
				BE388A41246B83BE006942EC /* Resources */,
			);
			buildRules = (
			);
			dependencies = (
			);
			name = CyberNewsSwiftUI;
			productName = CyberNewsSwiftUI;
			productReference = BE388A43246B83BE006942EC /* CyberNewsSwiftUI.app */;
			productType = "com.apple.product-type.application";
		};
/* End PBXNativeTarget section */

/* Begin PBXProject section */
		BE388A3B246B83BE006942EC /* Project object */ = {
			isa = PBXProject;
			attributes = {
				LastSwiftUpdateCheck = 1140;
				LastUpgradeCheck = 1140;
				ORGANIZATIONNAME = "Steve Kerney";
				TargetAttributes = {
					BE388A42246B83BE006942EC = {
						CreatedOnToolsVersion = 11.4.1;
					};
				};
			};
			buildConfigurationList = BE388A3E246B83BE006942EC /* Build configuration list for PBXProject "CyberNewsSwiftUI" */;
			compatibilityVersion = "Xcode 9.3";
			developmentRegion = en;
			hasScannedForEncodings = 0;
			knownRegions = (
				en,
				Base,
			);
			mainGroup = BE388A3A246B83BE006942EC;
			productRefGroup = BE388A44246B83BE006942EC /* Products */;
			projectDirPath = "";
			projectRoot = "";
			targets = (
				BE388A42246B83BE006942EC /* CyberNewsSwiftUI */,
			);
		};
/* End PBXProject section */

/* Begin PBXResourcesBuildPhase section */
		BE388A41246B83BE006942EC /* Resources */ = {
			isa = PBXResourcesBuildPhase;
			buildActionMask = 2147483647;
			files = (
				BE388A53246B83BF006942EC /* LaunchScreen.storyboard in Resources */,
				BE388A50246B83BF006942EC /* Preview Assets.xcassets in Resources */,
				BE388A4D246B83BF006942EC /* Assets.xcassets in Resources */,
			);
			runOnlyForDeploymentPostprocessing = 0;
		};
/* End PBXResourcesBuildPhase section */

/* Begin PBXSourcesBuildPhase section */
		BE388A3F246B83BE006942EC /* Sources */ = {
			isa = PBXSourcesBuildPhase;
			buildActionMask = 2147483647;
			files = (
				BE2785FA246B9F3C00FB9B6E /* NetworkManager.swift in Sources */,
				BE388A47246B83BE006942EC /* AppDelegate.swift in Sources */,
				BE2785FC246BA48400FB9B6E /* Posts.swift in Sources */,
				BE388A49246B83BE006942EC /* SceneDelegate.swift in Sources */,
				BE2785FF246BAA5B00FB9B6E /* PostView.swift in Sources */,
				BE388A4B246B83BE006942EC /* ContentView.swift in Sources */,
				BEDDB335246BAD82002ED50E /* WebView.swift in Sources */,
			);
			runOnlyForDeploymentPostprocessing = 0;
		};
/* End PBXSourcesBuildPhase section */

/* Begin PBXVariantGroup section */
		BE388A51246B83BF006942EC /* LaunchScreen.storyboard */ = {
			isa = PBXVariantGroup;
			children = (
				BE388A52246B83BF006942EC /* Base */,
			);
			name = LaunchScreen.storyboard;
			sourceTree = "<group>";
		};
/* End PBXVariantGroup section */

/* Begin XCBuildConfiguration section */
		BE388A55246B83BF006942EC /* Debug */ = {
			isa = XCBuildConfiguration;
			buildSettings = {
				ALWAYS_SEARCH_USER_PATHS = NO;
				CLANG_ANALYZER_NONNULL = YES;
				CLANG_ANALYZER_NUMBER_OBJECT_CONVERSION = YES_AGGRESSIVE;
				CLANG_CXX_LANGUAGE_STANDARD = "gnu++14";
				CLANG_CXX_LIBRARY = "libc++";
				CLANG_ENABLE_MODULES = YES;
				CLANG_ENABLE_OBJC_ARC = YES;
				CLANG_ENABLE_OBJC_WEAK = YES;
				CLANG_WARN_BLOCK_CAPTURE_AUTORELEASING = YES;
				CLANG_WARN_BOOL_CONVERSION = YES;
				CLANG_WARN_COMMA = YES;
				CLANG_WARN_CONSTANT_CONVERSION = YES;
				CLANG_WARN_DEPRECATED_OBJC_IMPLEMENTATIONS = YES;
				CLANG_WARN_DIRECT_OBJC_ISA_USAGE = YES_ERROR;
				CLANG_WARN_DOCUMENTATION_COMMENTS = YES;
				CLANG_WARN_EMPTY_BODY = YES;
				CLANG_WARN_ENUM_CONVERSION = YES;
				CLANG_WARN_INFINITE_RECURSION = YES;
				CLANG_WARN_INT_CONVERSION = YES;
				CLANG_WARN_NON_LITERAL_NULL_CONVERSION = YES;
				CLANG_WARN_OBJC_IMPLICIT_RETAIN_SELF = YES;
				CLANG_WARN_OBJC_LITERAL_CONVERSION = YES;
				CLANG_WARN_OBJC_ROOT_CLASS = YES_ERROR;
				CLANG_WARN_RANGE_LOOP_ANALYSIS = YES;
				CLANG_WARN_STRICT_PROTOTYPES = YES;
				CLANG_WARN_SUSPICIOUS_MOVE = YES;
				CLANG_WARN_UNGUARDED_AVAILABILITY = YES_AGGRESSIVE;
				CLANG_WARN_UNREACHABLE_CODE = YES;
				CLANG_WARN__DUPLICATE_METHOD_MATCH = YES;
				COPY_PHASE_STRIP = NO;
				DEBUG_INFORMATION_FORMAT = dwarf;
				ENABLE_STRICT_OBJC_MSGSEND = YES;
				ENABLE_TESTABILITY = YES;
				GCC_C_LANGUAGE_STANDARD = gnu11;
				GCC_DYNAMIC_NO_PIC = NO;
				GCC_NO_COMMON_BLOCKS = YES;
				GCC_OPTIMIZATION_LEVEL = 0;
				GCC_PREPROCESSOR_DEFINITIONS = (
					"DEBUG=1",
					"$(inherited)",
				);
				GCC_WARN_64_TO_32_BIT_CONVERSION = YES;
				GCC_WARN_ABOUT_RETURN_TYPE = YES_ERROR;
				GCC_WARN_UNDECLARED_SELECTOR = YES;
				GCC_WARN_UNINITIALIZED_AUTOS = YES_AGGRESSIVE;
				GCC_WARN_UNUSED_FUNCTION = YES;
				GCC_WARN_UNUSED_VARIABLE = YES;
				IPHONEOS_DEPLOYMENT_TARGET = 13.4;
				MTL_ENABLE_DEBUG_INFO = INCLUDE_SOURCE;
				MTL_FAST_MATH = YES;
				ONLY_ACTIVE_ARCH = YES;
				SDKROOT = iphoneos;
				SWIFT_ACTIVE_COMPILATION_CONDITIONS = DEBUG;
				SWIFT_OPTIMIZATION_LEVEL = "-Onone";
			};
			name = Debug;
		};
		BE388A56246B83BF006942EC /* Release */ = {
			isa = XCBuildConfiguration;
			buildSettings = {
				ALWAYS_SEARCH_USER_PATHS = NO;
				CLANG_ANALYZER_NONNULL = YES;
				CLANG_ANALYZER_NUMBER_OBJECT_CONVERSION = YES_AGGRESSIVE;
				CLANG_CXX_LANGUAGE_STANDARD = "gnu++14";
				CLANG_CXX_LIBRARY = "libc++";
				CLANG_ENABLE_MODULES = YES;
				CLANG_ENABLE_OBJC_ARC = YES;
				CLANG_ENABLE_OBJC_WEAK = YES;
				CLANG_WARN_BLOCK_CAPTURE_AUTORELEASING = YES;
				CLANG_WARN_BOOL_CONVERSION = YES;
				CLANG_WARN_COMMA = YES;
				CLANG_WARN_CONSTANT_CONVERSION = YES;
				CLANG_WARN_DEPRECATED_OBJC_IMPLEMENTATIONS = YES;
				CLANG_WARN_DIRECT_OBJC_ISA_USAGE = YES_ERROR;
				CLANG_WARN_DOCUMENTATION_COMMENTS = YES;
				CLANG_WARN_EMPTY_BODY = YES;
				CLANG_WARN_ENUM_CONVERSION = YES;
				CLANG_WARN_INFINITE_RECURSION = YES;
				CLANG_WARN_INT_CONVERSION = YES;
				CLANG_WARN_NON_LITERAL_NULL_CONVERSION = YES;
				CLANG_WARN_OBJC_IMPLICIT_RETAIN_SELF = YES;
				CLANG_WARN_OBJC_LITERAL_CONVERSION = YES;
				CLANG_WARN_OBJC_ROOT_CLASS = YES_ERROR;
				CLANG_WARN_RANGE_LOOP_ANALYSIS = YES;
				CLANG_WARN_STRICT_PROTOTYPES = YES;
				CLANG_WARN_SUSPICIOUS_MOVE = YES;
				CLANG_WARN_UNGUARDED_AVAILABILITY = YES_AGGRESSIVE;
				CLANG_WARN_UNREACHABLE_CODE = YES;
				CLANG_WARN__DUPLICATE_METHOD_MATCH = YES;
				COPY_PHASE_STRIP = NO;
				DEBUG_INFORMATION_FORMAT = "dwarf-with-dsym";
				ENABLE_NS_ASSERTIONS = NO;
				ENABLE_STRICT_OBJC_MSGSEND = YES;
				GCC_C_LANGUAGE_STANDARD = gnu11;
				GCC_NO_COMMON_BLOCKS = YES;
				GCC_WARN_64_TO_32_BIT_CONVERSION = YES;
				GCC_WARN_ABOUT_RETURN_TYPE = YES_ERROR;
				GCC_WARN_UNDECLARED_SELECTOR = YES;
				GCC_WARN_UNINITIALIZED_AUTOS = YES_AGGRESSIVE;
				GCC_WARN_UNUSED_FUNCTION = YES;
				GCC_WARN_UNUSED_VARIABLE = YES;
				IPHONEOS_DEPLOYMENT_TARGET = 13.4;
				MTL_ENABLE_DEBUG_INFO = NO;
				MTL_FAST_MATH = YES;
				SDKROOT = iphoneos;
				SWIFT_COMPILATION_MODE = wholemodule;
				SWIFT_OPTIMIZATION_LEVEL = "-O";
				VALIDATE_PRODUCT = YES;
			};
			name = Release;
		};
		BE388A58246B83BF006942EC /* Debug */ = {
			isa = XCBuildConfiguration;
			buildSettings = {
				ASSETCATALOG_COMPILER_APPICON_NAME = AppIcon;
				CODE_SIGN_ENTITLEMENTS = CyberNewsSwiftUI/CyberNewsSwiftUI.entitlements;
				CODE_SIGN_STYLE = Automatic;
				DEVELOPMENT_ASSET_PATHS = "\"CyberNewsSwiftUI/Preview Content\"";
				DEVELOPMENT_TEAM = SKX4P6BP4Q;
				ENABLE_PREVIEWS = YES;
				INFOPLIST_FILE = CyberNewsSwiftUI/Info.plist;
				LD_RUNPATH_SEARCH_PATHS = (
					"$(inherited)",
					"@executable_path/Frameworks",
				);
				PRODUCT_BUNDLE_IDENTIFIER = com.skerney.CyberNewsSwiftUI;
				PRODUCT_NAME = "$(TARGET_NAME)";
				SUPPORTS_MACCATALYST = YES;
				SWIFT_VERSION = 5.0;
				TARGETED_DEVICE_FAMILY = "1,2";
			};
			name = Debug;
		};
		BE388A59246B83BF006942EC /* Release */ = {
			isa = XCBuildConfiguration;
			buildSettings = {
				ASSETCATALOG_COMPILER_APPICON_NAME = AppIcon;
				CODE_SIGN_ENTITLEMENTS = CyberNewsSwiftUI/CyberNewsSwiftUI.entitlements;
				CODE_SIGN_STYLE = Automatic;
				DEVELOPMENT_ASSET_PATHS = "\"CyberNewsSwiftUI/Preview Content\"";
				DEVELOPMENT_TEAM = SKX4P6BP4Q;
				ENABLE_PREVIEWS = YES;
				INFOPLIST_FILE = CyberNewsSwiftUI/Info.plist;
				LD_RUNPATH_SEARCH_PATHS = (
					"$(inherited)",
					"@executable_path/Frameworks",
				);
				PRODUCT_BUNDLE_IDENTIFIER = com.skerney.CyberNewsSwiftUI;
				PRODUCT_NAME = "$(TARGET_NAME)";
				SUPPORTS_MACCATALYST = YES;
				SWIFT_VERSION = 5.0;
				TARGETED_DEVICE_FAMILY = "1,2";
			};
			name = Release;
		};
/* End XCBuildConfiguration section */

/* Begin XCConfigurationList section */
		BE388A3E246B83BE006942EC /* Build configuration list for PBXProject "CyberNewsSwiftUI" */ = {
			isa = XCConfigurationList;
			buildConfigurations = (
				BE388A55246B83BF006942EC /* Debug */,
				BE388A56246B83BF006942EC /* Release */,
			);
			defaultConfigurationIsVisible = 0;
			defaultConfigurationName = Release;
		};
		BE388A57246B83BF006942EC /* Build configuration list for PBXNativeTarget "CyberNewsSwiftUI" */ = {
			isa = XCConfigurationList;
			buildConfigurations = (
				BE388A58246B83BF006942EC /* Debug */,
				BE388A59246B83BF006942EC /* Release */,
			);
			defaultConfigurationIsVisible = 0;
			defaultConfigurationName = Release;
		};
/* End XCConfigurationList section */
	};
	rootObject = BE388A3B246B83BE006942EC /* Project object */;
}
